// !$*UTF8*$!
{
	archiveVersion = 1;
	classes = {
	};
	objectVersion = 46;
	objects = {

/* Begin PBXBuildFile section */
		1933762B1C6A58460070F53F /* Utils.swift in Sources */ = {isa = PBXBuildFile; fileRef = 1933762A1C6A58460070F53F /* Utils.swift */; };
		1933763D1C6A5EC50070F53F /* Selection.swift in Sources */ = {isa = PBXBuildFile; fileRef = 1933763C1C6A5EC50070F53F /* Selection.swift */; };
		193376421C6A63810070F53F /* Quick.swift in Sources */ = {isa = PBXBuildFile; fileRef = 193376411C6A63810070F53F /* Quick.swift */; };
		1933764B1C6A66D10070F53F /* SwiftAlgorithmsTests.swift in Sources */ = {isa = PBXBuildFile; fileRef = 1933764A1C6A66D10070F53F /* SwiftAlgorithmsTests.swift */; };
		193376501C6A66E80070F53F /* Insertion.swift in Sources */ = {isa = PBXBuildFile; fileRef = 19BCA1481C6A563C00B4E182 /* Insertion.swift */; };
		193376511C6A66EB0070F53F /* Utils.swift in Sources */ = {isa = PBXBuildFile; fileRef = 1933762A1C6A58460070F53F /* Utils.swift */; };
		193376521C6A66EE0070F53F /* Selection.swift in Sources */ = {isa = PBXBuildFile; fileRef = 1933763C1C6A5EC50070F53F /* Selection.swift */; };
		193376531C6A66F10070F53F /* Quick.swift in Sources */ = {isa = PBXBuildFile; fileRef = 193376411C6A63810070F53F /* Quick.swift */; };
		193376571C6B88610070F53F /* QuickSort3Ways.swift in Sources */ = {isa = PBXBuildFile; fileRef = 193376561C6B88610070F53F /* QuickSort3Ways.swift */; };
		193376581C6B88610070F53F /* QuickSort3Ways.swift in Sources */ = {isa = PBXBuildFile; fileRef = 193376561C6B88610070F53F /* QuickSort3Ways.swift */; };
		19BCA1421C6A561600B4E182 /* main.swift in Sources */ = {isa = PBXBuildFile; fileRef = 19BCA1411C6A561600B4E182 /* main.swift */; };
		19BCA1491C6A563C00B4E182 /* Insertion.swift in Sources */ = {isa = PBXBuildFile; fileRef = 19BCA1481C6A563C00B4E182 /* Insertion.swift */; };
/* End PBXBuildFile section */

/* Begin PBXCopyFilesBuildPhase section */
		19BCA13C1C6A561600B4E182 /* CopyFiles */ = {
			isa = PBXCopyFilesBuildPhase;
			buildActionMask = 2147483647;
			dstPath = /usr/share/man/man1/;
			dstSubfolderSpec = 0;
			files = (
			);
			runOnlyForDeploymentPostprocessing = 1;
		};
/* End PBXCopyFilesBuildPhase section */

/* Begin PBXFileReference section */
		1933762A1C6A58460070F53F /* Utils.swift */ = {isa = PBXFileReference; fileEncoding = 4; lastKnownFileType = sourcecode.swift; path = Utils.swift; sourceTree = "<group>"; };
		1933763C1C6A5EC50070F53F /* Selection.swift */ = {isa = PBXFileReference; fileEncoding = 4; lastKnownFileType = sourcecode.swift; path = Selection.swift; sourceTree = "<group>"; };
		193376411C6A63810070F53F /* Quick.swift */ = {isa = PBXFileReference; fileEncoding = 4; lastKnownFileType = sourcecode.swift; path = Quick.swift; sourceTree = "<group>"; };
		193376481C6A66D10070F53F /* SwiftAlgorithmsTests.xctest */ = {isa = PBXFileReference; explicitFileType = wrapper.cfbundle; includeInIndex = 0; path = SwiftAlgorithmsTests.xctest; sourceTree = BUILT_PRODUCTS_DIR; };
		1933764A1C6A66D10070F53F /* SwiftAlgorithmsTests.swift */ = {isa = PBXFileReference; lastKnownFileType = sourcecode.swift; path = SwiftAlgorithmsTests.swift; sourceTree = "<group>"; };
		1933764C1C6A66D10070F53F /* Info.plist */ = {isa = PBXFileReference; lastKnownFileType = text.plist.xml; path = Info.plist; sourceTree = "<group>"; };
		193376561C6B88610070F53F /* QuickSort3Ways.swift */ = {isa = PBXFileReference; fileEncoding = 4; lastKnownFileType = sourcecode.swift; path = QuickSort3Ways.swift; sourceTree = "<group>"; };
		19BCA13E1C6A561600B4E182 /* SwiftAlgorithms */ = {isa = PBXFileReference; explicitFileType = "compiled.mach-o.executable"; includeInIndex = 0; path = SwiftAlgorithms; sourceTree = BUILT_PRODUCTS_DIR; };
		19BCA1411C6A561600B4E182 /* main.swift */ = {isa = PBXFileReference; lastKnownFileType = sourcecode.swift; path = main.swift; sourceTree = "<group>"; };
		19BCA1481C6A563C00B4E182 /* Insertion.swift */ = {isa = PBXFileReference; fileEncoding = 4; lastKnownFileType = sourcecode.swift; path = Insertion.swift; sourceTree = "<group>"; };
/* End PBXFileReference section */

/* Begin PBXFrameworksBuildPhase section */
		193376451C6A66D10070F53F /* Frameworks */ = {
			isa = PBXFrameworksBuildPhase;
			buildActionMask = 2147483647;
			files = (
			);
			runOnlyForDeploymentPostprocessing = 0;
		};
		19BCA13B1C6A561600B4E182 /* Frameworks */ = {
			isa = PBXFrameworksBuildPhase;
			buildActionMask = 2147483647;
			files = (
			);
			runOnlyForDeploymentPostprocessing = 0;
		};
/* End PBXFrameworksBuildPhase section */

/* Begin PBXGroup section */
		193376491C6A66D10070F53F /* SwiftAlgorithmsTests */ = {
			isa = PBXGroup;
			children = (
				1933764A1C6A66D10070F53F /* SwiftAlgorithmsTests.swift */,
				1933764C1C6A66D10070F53F /* Info.plist */,
			);
			path = SwiftAlgorithmsTests;
			sourceTree = "<group>";
		};
		19BCA1351C6A561600B4E182 = {
			isa = PBXGroup;
			children = (
				19BCA1401C6A561600B4E182 /* SwiftAlgorithms */,
				193376491C6A66D10070F53F /* SwiftAlgorithmsTests */,
				19BCA13F1C6A561600B4E182 /* Products */,
			);
			sourceTree = "<group>";
		};
		19BCA13F1C6A561600B4E182 /* Products */ = {
			isa = PBXGroup;
			children = (
				19BCA13E1C6A561600B4E182 /* SwiftAlgorithms */,
				193376481C6A66D10070F53F /* SwiftAlgorithmsTests.xctest */,
			);
			name = Products;
			sourceTree = "<group>";
		};
		19BCA1401C6A561600B4E182 /* SwiftAlgorithms */ = {
			isa = PBXGroup;
			children = (
				19BCA1411C6A561600B4E182 /* main.swift */,
				19BCA1481C6A563C00B4E182 /* Insertion.swift */,
				1933762A1C6A58460070F53F /* Utils.swift */,
				1933763C1C6A5EC50070F53F /* Selection.swift */,
				193376411C6A63810070F53F /* Quick.swift */,
				193376561C6B88610070F53F /* QuickSort3Ways.swift */,
			);
			path = SwiftAlgorithms;
			sourceTree = "<group>";
		};
/* End PBXGroup section */

/* Begin PBXNativeTarget section */
		193376471C6A66D10070F53F /* SwiftAlgorithmsTests */ = {
			isa = PBXNativeTarget;
			buildConfigurationList = 1933764D1C6A66D10070F53F /* Build configuration list for PBXNativeTarget "SwiftAlgorithmsTests" */;
			buildPhases = (
				193376441C6A66D10070F53F /* Sources */,
				193376451C6A66D10070F53F /* Frameworks */,
				193376461C6A66D10070F53F /* Resources */,
			);
			buildRules = (
			);
			dependencies = (
			);
			name = SwiftAlgorithmsTests;
			productName = SwiftAlgorithmsTests;
			productReference = 193376481C6A66D10070F53F /* SwiftAlgorithmsTests.xctest */;
			productType = "com.apple.product-type.bundle.unit-test";
		};
		19BCA13D1C6A561600B4E182 /* SwiftAlgorithms */ = {
			isa = PBXNativeTarget;
			buildConfigurationList = 19BCA1451C6A561700B4E182 /* Build configuration list for PBXNativeTarget "SwiftAlgorithms" */;
			buildPhases = (
				19BCA13A1C6A561600B4E182 /* Sources */,
				19BCA13B1C6A561600B4E182 /* Frameworks */,
				19BCA13C1C6A561600B4E182 /* CopyFiles */,
			);
			buildRules = (
			);
			dependencies = (
			);
			name = SwiftAlgorithms;
			productName = SwiftAlgorithms;
			productReference = 19BCA13E1C6A561600B4E182 /* SwiftAlgorithms */;
			productType = "com.apple.product-type.tool";
		};
/* End PBXNativeTarget section */

/* Begin PBXProject section */
		19BCA1361C6A561600B4E182 /* Project object */ = {
			isa = PBXProject;
			attributes = {
				LastSwiftUpdateCheck = 0720;
				LastUpgradeCheck = 0720;
				ORGANIZATIONNAME = "Khoi Lai";
				TargetAttributes = {
					193376471C6A66D10070F53F = {
						CreatedOnToolsVersion = 7.2;
					};
					19BCA13D1C6A561600B4E182 = {
						CreatedOnToolsVersion = 7.2;
					};
				};
			};
			buildConfigurationList = 19BCA1391C6A561600B4E182 /* Build configuration list for PBXProject "SwiftAlgorithms" */;
			compatibilityVersion = "Xcode 3.2";
			developmentRegion = English;
			hasScannedForEncodings = 0;
			knownRegions = (
				en,
			);
			mainGroup = 19BCA1351C6A561600B4E182;
			productRefGroup = 19BCA13F1C6A561600B4E182 /* Products */;
			projectDirPath = "";
			projectRoot = "";
			targets = (
				19BCA13D1C6A561600B4E182 /* SwiftAlgorithms */,
				193376471C6A66D10070F53F /* SwiftAlgorithmsTests */,
			);
		};
/* End PBXProject section */

/* Begin PBXResourcesBuildPhase section */
		193376461C6A66D10070F53F /* Resources */ = {
			isa = PBXResourcesBuildPhase;
			buildActionMask = 2147483647;
			files = (
			);
			runOnlyForDeploymentPostprocessing = 0;
		};
/* End PBXResourcesBuildPhase section */

/* Begin PBXSourcesBuildPhase section */
		193376441C6A66D10070F53F /* Sources */ = {
			isa = PBXSourcesBuildPhase;
			buildActionMask = 2147483647;
			files = (
				193376521C6A66EE0070F53F /* Selection.swift in Sources */,
				1933764B1C6A66D10070F53F /* SwiftAlgorithmsTests.swift in Sources */,
				193376531C6A66F10070F53F /* Quick.swift in Sources */,
				193376581C6B88610070F53F /* QuickSort3Ways.swift in Sources */,
				193376501C6A66E80070F53F /* Insertion.swift in Sources */,
				193376511C6A66EB0070F53F /* Utils.swift in Sources */,
			);
			runOnlyForDeploymentPostprocessing = 0;
		};
		19BCA13A1C6A561600B4E182 /* Sources */ = {
			isa = PBXSourcesBuildPhase;
			buildActionMask = 2147483647;
			files = (
				1933763D1C6A5EC50070F53F /* Selection.swift in Sources */,
				19BCA1491C6A563C00B4E182 /* Insertion.swift in Sources */,
				193376421C6A63810070F53F /* Quick.swift in Sources */,
				193376571C6B88610070F53F /* QuickSort3Ways.swift in Sources */,
				19BCA1421C6A561600B4E182 /* main.swift in Sources */,
				1933762B1C6A58460070F53F /* Utils.swift in Sources */,
			);
			runOnlyForDeploymentPostprocessing = 0;
		};
/* End PBXSourcesBuildPhase section */

/* Begin XCBuildConfiguration section */
		1933764E1C6A66D10070F53F /* Debug */ = {
			isa = XCBuildConfiguration;
			buildSettings = {
				COMBINE_HIDPI_IMAGES = YES;
				INFOPLIST_FILE = SwiftAlgorithmsTests/Info.plist;
				LD_RUNPATH_SEARCH_PATHS = "$(inherited) @executable_path/../Frameworks @loader_path/../Frameworks";
				PRODUCT_BUNDLE_IDENTIFIER = tv.khoi.SwiftAlgorithmsTests;
				PRODUCT_NAME = "$(TARGET_NAME)";
			};
			name = Debug;
		};
		1933764F1C6A66D10070F53F /* Release */ = {
			isa = XCBuildConfiguration;
			buildSettings = {
				COMBINE_HIDPI_IMAGES = YES;
				INFOPLIST_FILE = SwiftAlgorithmsTests/Info.plist;
				LD_RUNPATH_SEARCH_PATHS = "$(inherited) @executable_path/../Frameworks @loader_path/../Frameworks";
				PRODUCT_BUNDLE_IDENTIFIER = tv.khoi.SwiftAlgorithmsTests;
				PRODUCT_NAME = "$(TARGET_NAME)";
			};
			name = Release;
		};
		19BCA1431C6A561700B4E182 /* Debug */ = {
			isa = XCBuildConfiguration;
			buildSettings = {
				ALWAYS_SEARCH_USER_PATHS = NO;
				CLANG_CXX_LANGUAGE_STANDARD = "gnu++0x";
				CLANG_CXX_LIBRARY = "libc++";
				CLANG_ENABLE_MODULES = YES;
				CLANG_ENABLE_OBJC_ARC = YES;
				CLANG_WARN_BOOL_CONVERSION = YES;
				CLANG_WARN_CONSTANT_CONVERSION = YES;
				CLANG_WARN_DIRECT_OBJC_ISA_USAGE = YES_ERROR;
				CLANG_WARN_EMPTY_BODY = YES;
				CLANG_WARN_ENUM_CONVERSION = YES;
				CLANG_WARN_INT_CONVERSION = YES;
				CLANG_WARN_OBJC_ROOT_CLASS = YES_ERROR;
				CLANG_WARN_UNREACHABLE_CODE = YES;
				CLANG_WARN__DUPLICATE_METHOD_MATCH = YES;
				CODE_SIGN_IDENTITY = "-";
				COPY_PHASE_STRIP = NO;
				DEBUG_INFORMATION_FORMAT = dwarf;
				ENABLE_STRICT_OBJC_MSGSEND = YES;
				ENABLE_TESTABILITY = YES;
				GCC_C_LANGUAGE_STANDARD = gnu99;
				GCC_DYNAMIC_NO_PIC = NO;
				GCC_NO_COMMON_BLOCKS = YES;
				GCC_OPTIMIZATION_LEVEL = 0;
				GCC_PREPROCESSOR_DEFINITIONS = (
					"DEBUG=1",
					"$(inherited)",
				);
				GCC_WARN_64_TO_32_BIT_CONVERSION = YES;
				GCC_WARN_ABOUT_RETURN_TYPE = YES_ERROR;
				GCC_WARN_UNDECLARED_SELECTOR = YES;
				GCC_WARN_UNINITIALIZED_AUTOS = YES_AGGRESSIVE;
				GCC_WARN_UNUSED_FUNCTION = YES;
				GCC_WARN_UNUSED_VARIABLE = YES;
				MACOSX_DEPLOYMENT_TARGET = 10.11;
				MTL_ENABLE_DEBUG_INFO = YES;
				ONLY_ACTIVE_ARCH = YES;
				SDKROOT = macosx;
				SWIFT_OPTIMIZATION_LEVEL = "-Onone";
			};
			name = Debug;
		};
		19BCA1441C6A561700B4E182 /* Release */ = {
			isa = XCBuildConfiguration;
			buildSettings = {
				ALWAYS_SEARCH_USER_PATHS = NO;
				CLANG_CXX_LANGUAGE_STANDARD = "gnu++0x";
				CLANG_CXX_LIBRARY = "libc++";
				CLANG_ENABLE_MODULES = YES;
				CLANG_ENABLE_OBJC_ARC = YES;
				CLANG_WARN_BOOL_CONVERSION = YES;
				CLANG_WARN_CONSTANT_CONVERSION = YES;
				CLANG_WARN_DIRECT_OBJC_ISA_USAGE = YES_ERROR;
				CLANG_WARN_EMPTY_BODY = YES;
				CLANG_WARN_ENUM_CONVERSION = YES;
				CLANG_WARN_INT_CONVERSION = YES;
				CLANG_WARN_OBJC_ROOT_CLASS = YES_ERROR;
				CLANG_WARN_UNREACHABLE_CODE = YES;
				CLANG_WARN__DUPLICATE_METHOD_MATCH = YES;
				CODE_SIGN_IDENTITY = "-";
				COPY_PHASE_STRIP = NO;
				DEBUG_INFORMATION_FORMAT = "dwarf-with-dsym";
				ENABLE_NS_ASSERTIONS = NO;
				ENABLE_STRICT_OBJC_MSGSEND = YES;
				GCC_C_LANGUAGE_STANDARD = gnu99;
				GCC_NO_COMMON_BLOCKS = YES;
				GCC_WARN_64_TO_32_BIT_CONVERSION = YES;
				GCC_WARN_ABOUT_RETURN_TYPE = YES_ERROR;
				GCC_WARN_UNDECLARED_SELECTOR = YES;
				GCC_WARN_UNINITIALIZED_AUTOS = YES_AGGRESSIVE;
				GCC_WARN_UNUSED_FUNCTION = YES;
				GCC_WARN_UNUSED_VARIABLE = YES;
				MACOSX_DEPLOYMENT_TARGET = 10.11;
				MTL_ENABLE_DEBUG_INFO = NO;
				SDKROOT = macosx;
			};
			name = Release;
		};
		19BCA1461C6A561700B4E182 /* Debug */ = {
			isa = XCBuildConfiguration;
			buildSettings = {
				PRODUCT_NAME = "$(TARGET_NAME)";
			};
			name = Debug;
		};
		19BCA1471C6A561700B4E182 /* Release */ = {
			isa = XCBuildConfiguration;
			buildSettings = {
				PRODUCT_NAME = "$(TARGET_NAME)";
			};
			name = Release;
		};
/* End XCBuildConfiguration section */

/* Begin XCConfigurationList section */
		1933764D1C6A66D10070F53F /* Build configuration list for PBXNativeTarget "SwiftAlgorithmsTests" */ = {
			isa = XCConfigurationList;
			buildConfigurations = (
				1933764E1C6A66D10070F53F /* Debug */,
				1933764F1C6A66D10070F53F /* Release */,
			);
			defaultConfigurationIsVisible = 0;
		};
		19BCA1391C6A561600B4E182 /* Build configuration list for PBXProject "SwiftAlgorithms" */ = {
			isa = XCConfigurationList;
			buildConfigurations = (
				19BCA1431C6A561700B4E182 /* Debug */,
				19BCA1441C6A561700B4E182 /* Release */,
			);
			defaultConfigurationIsVisible = 0;
			defaultConfigurationName = Release;
		};
		19BCA1451C6A561700B4E182 /* Build configuration list for PBXNativeTarget "SwiftAlgorithms" */ = {
			isa = XCConfigurationList;
			buildConfigurations = (
				19BCA1461C6A561700B4E182 /* Debug */,
				19BCA1471C6A561700B4E182 /* Release */,
			);
			defaultConfigurationIsVisible = 0;
			defaultConfigurationName = Release;
		};
/* End XCConfigurationList section */
	};
	rootObject = 19BCA1361C6A561600B4E182 /* Project object */;
}
